
Microsoft Visual Studio Solution File, Format Version 12.00
# Visual Studio Version 17
VisualStudioVersion = 17.3.32901.215
MinimumVisualStudioVersion = 10.0.40219.1
Project("{FAE04EC0-301F-11D3-BF4B-00C04F79EFBC}") = "MyFirstProgram", "MyFirstProgram\MyFirstProgram.csproj", "{5A44D8E6-B13B-4EC4-A187-DD52E7117B93}"
EndProject
Global
	GlobalSection(SolutionConfigurationPlatforms) = preSolution
		Debug|Any CPU = Debug|Any CPU
		Release|Any CPU = Release|Any CPU
	EndGlobalSection
	GlobalSection(ProjectConfigurationPlatforms) = postSolution
		{5A44D8E6-B13B-4EC4-A187-DD52E7117B93}.Debug|Any CPU.ActiveCfg = Debug|Any CPU
		{5A44D8E6-B13B-4EC4-A187-DD52E7117B93}.Debug|Any CPU.Build.0 = Debug|Any CPU
		{5A44D8E6-B13B-4EC4-A187-DD52E7117B93}.Release|Any CPU.ActiveCfg = Release|Any CPU
		{5A44D8E6-B13B-4EC4-A187-DD52E7117B93}.Release|Any CPU.Build.0 = Release|Any CPU
	EndGlobalSection
	GlobalSection(SolutionProperties) = preSolution
		HideSolutionNode = FALSE
	EndGlobalSection
	GlobalSection(ExtensibilityGlobals) = postSolution
		SolutionGuid = {37063243-5046-46B3-B986-5860AF4A6D85}
	EndGlobalSection
EndGlobal
